// !$*UTF8*$!
{
	archiveVersion = 1;
	classes = {
	};
	objectVersion = 56;
	objects = {

/* Begin PBXBuildFile section */
		3184C69E3017D7A8FF87B8C0 /* Pods_CrfoGitHubTests.framework in Frameworks */ = {isa = PBXBuildFile; fileRef = B54C21A48D12E00486165E1D /* Pods_CrfoGitHubTests.framework */; };
		928AB32A29EC4BFF0002691C /* AppDelegate.swift in Sources */ = {isa = PBXBuildFile; fileRef = 928AB32929EC4BFF0002691C /* AppDelegate.swift */; };
		928AB32C29EC4BFF0002691C /* SceneDelegate.swift in Sources */ = {isa = PBXBuildFile; fileRef = 928AB32B29EC4BFF0002691C /* SceneDelegate.swift */; };
		928AB32E29EC4BFF0002691C /* UsersViewController.swift in Sources */ = {isa = PBXBuildFile; fileRef = 928AB32D29EC4BFF0002691C /* UsersViewController.swift */; };
		928AB33329EC4C050002691C /* Assets.xcassets in Resources */ = {isa = PBXBuildFile; fileRef = 928AB33229EC4C050002691C /* Assets.xcassets */; };
		928AB33629EC4C050002691C /* LaunchScreen.storyboard in Resources */ = {isa = PBXBuildFile; fileRef = 928AB33429EC4C050002691C /* LaunchScreen.storyboard */; };
		928AB34129EC4C060002691C /* CrfoGitHubTests.swift in Sources */ = {isa = PBXBuildFile; fileRef = 928AB34029EC4C060002691C /* CrfoGitHubTests.swift */; };
		928AB34B29EC4C060002691C /* CrfoGitHubUITests.swift in Sources */ = {isa = PBXBuildFile; fileRef = 928AB34A29EC4C060002691C /* CrfoGitHubUITests.swift */; };
		928AB34D29EC4C060002691C /* CrfoGitHubUITestsLaunchTests.swift in Sources */ = {isa = PBXBuildFile; fileRef = 928AB34C29EC4C060002691C /* CrfoGitHubUITestsLaunchTests.swift */; };
		928AB35B29EC53070002691C /* AppCoordinator.swift in Sources */ = {isa = PBXBuildFile; fileRef = 928AB35A29EC53070002691C /* AppCoordinator.swift */; };
		928AB35D29EC53370002691C /* Coordinator.swift in Sources */ = {isa = PBXBuildFile; fileRef = 928AB35C29EC53370002691C /* Coordinator.swift */; };
		928AB36029EC53870002691C /* DependencyFactory.swift in Sources */ = {isa = PBXBuildFile; fileRef = 928AB35F29EC53870002691C /* DependencyFactory.swift */; };
		928AB36329EC53F40002691C /* Service.swift in Sources */ = {isa = PBXBuildFile; fileRef = 928AB36229EC53F40002691C /* Service.swift */; };
		928AB36829EC54C80002691C /* UsersModel.swift in Sources */ = {isa = PBXBuildFile; fileRef = 928AB36729EC54C80002691C /* UsersModel.swift */; };
		928AB36A29EC56330002691C /* UserCoordinator.swift in Sources */ = {isa = PBXBuildFile; fileRef = 928AB36929EC56330002691C /* UserCoordinator.swift */; };
		928AB36D29EC57AB0002691C /* UsersViewModel.swift in Sources */ = {isa = PBXBuildFile; fileRef = 928AB36C29EC57AB0002691C /* UsersViewModel.swift */; };
		928AB37429EC80D40002691C /* Constants.swift in Sources */ = {isa = PBXBuildFile; fileRef = 928AB37329EC80D40002691C /* Constants.swift */; };
		928AB37729ECBC640002691C /* ViewCode.swift in Sources */ = {isa = PBXBuildFile; fileRef = 928AB37629ECBC640002691C /* ViewCode.swift */; };
		928AB37A29ECC24C0002691C /* UsersTableViewCell.swift in Sources */ = {isa = PBXBuildFile; fileRef = 928AB37929ECC24B0002691C /* UsersTableViewCell.swift */; };
		928AB37D29F6F5F50002691C /* UserDetailViewController.swift in Sources */ = {isa = PBXBuildFile; fileRef = 928AB37C29F6F5F50002691C /* UserDetailViewController.swift */; };
		928AB38029F6FB520002691C /* UserDetailViewModel.swift in Sources */ = {isa = PBXBuildFile; fileRef = 928AB37F29F6FB520002691C /* UserDetailViewModel.swift */; };
		928AB38329F706F50002691C /* UserDetailResponse.swift in Sources */ = {isa = PBXBuildFile; fileRef = 928AB38229F706F40002691C /* UserDetailResponse.swift */; };
		928AB38629F71A260002691C /* RepoTableViewCell.swift in Sources */ = {isa = PBXBuildFile; fileRef = 928AB38529F71A260002691C /* RepoTableViewCell.swift */; };
		928AB38829F722220002691C /* Date+Extension.swift in Sources */ = {isa = PBXBuildFile; fileRef = 928AB38729F722220002691C /* Date+Extension.swift */; };
		929E03B129F8353400719C6A /* LoadingIndicatorView.swift in Sources */ = {isa = PBXBuildFile; fileRef = 929E03B029F8353400719C6A /* LoadingIndicatorView.swift */; };
		BBB2B117B77D8B01F9A9A87A /* Pods_CrfoGitHub.framework in Frameworks */ = {isa = PBXBuildFile; fileRef = 504113AAD4F8D99D6F868747 /* Pods_CrfoGitHub.framework */; };
		F6948BA95E363308791D445F /* Pods_CrfoGitHub_CrfoGitHubUITests.framework in Frameworks */ = {isa = PBXBuildFile; fileRef = 29446D3F465F03E17F6D8AE1 /* Pods_CrfoGitHub_CrfoGitHubUITests.framework */; };
/* End PBXBuildFile section */

/* Begin PBXContainerItemProxy section */
		928AB33D29EC4C060002691C /* PBXContainerItemProxy */ = {
			isa = PBXContainerItemProxy;
			containerPortal = 928AB31E29EC4BFF0002691C /* Project object */;
			proxyType = 1;
			remoteGlobalIDString = 928AB32529EC4BFF0002691C;
			remoteInfo = CrfoGitHub;
		};
		928AB34729EC4C060002691C /* PBXContainerItemProxy */ = {
			isa = PBXContainerItemProxy;
			containerPortal = 928AB31E29EC4BFF0002691C /* Project object */;
			proxyType = 1;
			remoteGlobalIDString = 928AB32529EC4BFF0002691C;
			remoteInfo = CrfoGitHub;
		};
/* End PBXContainerItemProxy section */

/* Begin PBXFileReference section */
		29446D3F465F03E17F6D8AE1 /* Pods_CrfoGitHub_CrfoGitHubUITests.framework */ = {isa = PBXFileReference; explicitFileType = wrapper.framework; includeInIndex = 0; path = Pods_CrfoGitHub_CrfoGitHubUITests.framework; sourceTree = BUILT_PRODUCTS_DIR; };
		504113AAD4F8D99D6F868747 /* Pods_CrfoGitHub.framework */ = {isa = PBXFileReference; explicitFileType = wrapper.framework; includeInIndex = 0; path = Pods_CrfoGitHub.framework; sourceTree = BUILT_PRODUCTS_DIR; };
		6D89BC0ECAB412B23F0A12F8 /* Pods-CrfoGitHub-CrfoGitHubUITests.release.xcconfig */ = {isa = PBXFileReference; includeInIndex = 1; lastKnownFileType = text.xcconfig; name = "Pods-CrfoGitHub-CrfoGitHubUITests.release.xcconfig"; path = "Target Support Files/Pods-CrfoGitHub-CrfoGitHubUITests/Pods-CrfoGitHub-CrfoGitHubUITests.release.xcconfig"; sourceTree = "<group>"; };
		928AB32629EC4BFF0002691C /* CrfoGitHub.app */ = {isa = PBXFileReference; explicitFileType = wrapper.application; includeInIndex = 0; path = CrfoGitHub.app; sourceTree = BUILT_PRODUCTS_DIR; };
		928AB32929EC4BFF0002691C /* AppDelegate.swift */ = {isa = PBXFileReference; lastKnownFileType = sourcecode.swift; path = AppDelegate.swift; sourceTree = "<group>"; };
		928AB32B29EC4BFF0002691C /* SceneDelegate.swift */ = {isa = PBXFileReference; lastKnownFileType = sourcecode.swift; path = SceneDelegate.swift; sourceTree = "<group>"; };
		928AB32D29EC4BFF0002691C /* UsersViewController.swift */ = {isa = PBXFileReference; lastKnownFileType = sourcecode.swift; path = UsersViewController.swift; sourceTree = "<group>"; };
		928AB33229EC4C050002691C /* Assets.xcassets */ = {isa = PBXFileReference; lastKnownFileType = folder.assetcatalog; path = Assets.xcassets; sourceTree = "<group>"; };
		928AB33529EC4C050002691C /* Base */ = {isa = PBXFileReference; lastKnownFileType = file.storyboard; name = Base; path = Base.lproj/LaunchScreen.storyboard; sourceTree = "<group>"; };
		928AB33729EC4C050002691C /* Info.plist */ = {isa = PBXFileReference; lastKnownFileType = text.plist.xml; path = Info.plist; sourceTree = "<group>"; };
		928AB33C29EC4C060002691C /* CrfoGitHubTests.xctest */ = {isa = PBXFileReference; explicitFileType = wrapper.cfbundle; includeInIndex = 0; path = CrfoGitHubTests.xctest; sourceTree = BUILT_PRODUCTS_DIR; };
		928AB34029EC4C060002691C /* CrfoGitHubTests.swift */ = {isa = PBXFileReference; lastKnownFileType = sourcecode.swift; path = CrfoGitHubTests.swift; sourceTree = "<group>"; };
		928AB34629EC4C060002691C /* CrfoGitHubUITests.xctest */ = {isa = PBXFileReference; explicitFileType = wrapper.cfbundle; includeInIndex = 0; path = CrfoGitHubUITests.xctest; sourceTree = BUILT_PRODUCTS_DIR; };
		928AB34A29EC4C060002691C /* CrfoGitHubUITests.swift */ = {isa = PBXFileReference; lastKnownFileType = sourcecode.swift; path = CrfoGitHubUITests.swift; sourceTree = "<group>"; };
		928AB34C29EC4C060002691C /* CrfoGitHubUITestsLaunchTests.swift */ = {isa = PBXFileReference; lastKnownFileType = sourcecode.swift; path = CrfoGitHubUITestsLaunchTests.swift; sourceTree = "<group>"; };
		928AB35A29EC53070002691C /* AppCoordinator.swift */ = {isa = PBXFileReference; lastKnownFileType = sourcecode.swift; path = AppCoordinator.swift; sourceTree = "<group>"; };
		928AB35C29EC53370002691C /* Coordinator.swift */ = {isa = PBXFileReference; lastKnownFileType = sourcecode.swift; path = Coordinator.swift; sourceTree = "<group>"; };
		928AB35F29EC53870002691C /* DependencyFactory.swift */ = {isa = PBXFileReference; lastKnownFileType = sourcecode.swift; path = DependencyFactory.swift; sourceTree = "<group>"; };
		928AB36229EC53F40002691C /* Service.swift */ = {isa = PBXFileReference; lastKnownFileType = sourcecode.swift; path = Service.swift; sourceTree = "<group>"; };
		928AB36729EC54C80002691C /* UsersModel.swift */ = {isa = PBXFileReference; lastKnownFileType = sourcecode.swift; path = UsersModel.swift; sourceTree = "<group>"; };
		928AB36929EC56330002691C /* UserCoordinator.swift */ = {isa = PBXFileReference; lastKnownFileType = sourcecode.swift; path = UserCoordinator.swift; sourceTree = "<group>"; };
		928AB36C29EC57AB0002691C /* UsersViewModel.swift */ = {isa = PBXFileReference; lastKnownFileType = sourcecode.swift; path = UsersViewModel.swift; sourceTree = "<group>"; };
		928AB36E29EC5CB80002691C /* XCTest.framework */ = {isa = PBXFileReference; lastKnownFileType = wrapper.framework; name = XCTest.framework; path = Platforms/iPhoneOS.platform/Developer/Library/Frameworks/XCTest.framework; sourceTree = DEVELOPER_DIR; };
		928AB37329EC80D40002691C /* Constants.swift */ = {isa = PBXFileReference; lastKnownFileType = sourcecode.swift; path = Constants.swift; sourceTree = "<group>"; };
		928AB37629ECBC640002691C /* ViewCode.swift */ = {isa = PBXFileReference; lastKnownFileType = sourcecode.swift; path = ViewCode.swift; sourceTree = "<group>"; };
		928AB37929ECC24B0002691C /* UsersTableViewCell.swift */ = {isa = PBXFileReference; lastKnownFileType = sourcecode.swift; path = UsersTableViewCell.swift; sourceTree = "<group>"; };
		928AB37C29F6F5F50002691C /* UserDetailViewController.swift */ = {isa = PBXFileReference; lastKnownFileType = sourcecode.swift; path = UserDetailViewController.swift; sourceTree = "<group>"; };
		928AB37F29F6FB520002691C /* UserDetailViewModel.swift */ = {isa = PBXFileReference; lastKnownFileType = sourcecode.swift; path = UserDetailViewModel.swift; sourceTree = "<group>"; };
		928AB38229F706F40002691C /* UserDetailResponse.swift */ = {isa = PBXFileReference; lastKnownFileType = sourcecode.swift; path = UserDetailResponse.swift; sourceTree = "<group>"; };
		928AB38529F71A260002691C /* RepoTableViewCell.swift */ = {isa = PBXFileReference; lastKnownFileType = sourcecode.swift; path = RepoTableViewCell.swift; sourceTree = "<group>"; };
		928AB38729F722220002691C /* Date+Extension.swift */ = {isa = PBXFileReference; lastKnownFileType = sourcecode.swift; path = "Date+Extension.swift"; sourceTree = "<group>"; };
		929E03B029F8353400719C6A /* LoadingIndicatorView.swift */ = {isa = PBXFileReference; lastKnownFileType = sourcecode.swift; path = LoadingIndicatorView.swift; sourceTree = "<group>"; };
		AD9DF49F2958BBF06F19E250 /* Pods-CrfoGitHubTests.debug.xcconfig */ = {isa = PBXFileReference; includeInIndex = 1; lastKnownFileType = text.xcconfig; name = "Pods-CrfoGitHubTests.debug.xcconfig"; path = "Target Support Files/Pods-CrfoGitHubTests/Pods-CrfoGitHubTests.debug.xcconfig"; sourceTree = "<group>"; };
		B3E6ABB0CBE6C01367B82E91 /* Pods-CrfoGitHub.debug.xcconfig */ = {isa = PBXFileReference; includeInIndex = 1; lastKnownFileType = text.xcconfig; name = "Pods-CrfoGitHub.debug.xcconfig"; path = "Target Support Files/Pods-CrfoGitHub/Pods-CrfoGitHub.debug.xcconfig"; sourceTree = "<group>"; };
		B54C21A48D12E00486165E1D /* Pods_CrfoGitHubTests.framework */ = {isa = PBXFileReference; explicitFileType = wrapper.framework; includeInIndex = 0; path = Pods_CrfoGitHubTests.framework; sourceTree = BUILT_PRODUCTS_DIR; };
		CA9EC84AF636FE4FD8CFF558 /* Pods-CrfoGitHub-CrfoGitHubUITests.debug.xcconfig */ = {isa = PBXFileReference; includeInIndex = 1; lastKnownFileType = text.xcconfig; name = "Pods-CrfoGitHub-CrfoGitHubUITests.debug.xcconfig"; path = "Target Support Files/Pods-CrfoGitHub-CrfoGitHubUITests/Pods-CrfoGitHub-CrfoGitHubUITests.debug.xcconfig"; sourceTree = "<group>"; };
		DA8B2AAE0839816DB4CE955F /* Pods-CrfoGitHub.release.xcconfig */ = {isa = PBXFileReference; includeInIndex = 1; lastKnownFileType = text.xcconfig; name = "Pods-CrfoGitHub.release.xcconfig"; path = "Target Support Files/Pods-CrfoGitHub/Pods-CrfoGitHub.release.xcconfig"; sourceTree = "<group>"; };
		E7A0183A6B8F1475E8558E12 /* Pods-CrfoGitHubTests.release.xcconfig */ = {isa = PBXFileReference; includeInIndex = 1; lastKnownFileType = text.xcconfig; name = "Pods-CrfoGitHubTests.release.xcconfig"; path = "Target Support Files/Pods-CrfoGitHubTests/Pods-CrfoGitHubTests.release.xcconfig"; sourceTree = "<group>"; };
/* End PBXFileReference section */

/* Begin PBXFrameworksBuildPhase section */
		928AB32329EC4BFF0002691C /* Frameworks */ = {
			isa = PBXFrameworksBuildPhase;
			buildActionMask = 2147483647;
			files = (
				BBB2B117B77D8B01F9A9A87A /* Pods_CrfoGitHub.framework in Frameworks */,
			);
			runOnlyForDeploymentPostprocessing = 0;
		};
		928AB33929EC4C060002691C /* Frameworks */ = {
			isa = PBXFrameworksBuildPhase;
			buildActionMask = 2147483647;
			files = (
				3184C69E3017D7A8FF87B8C0 /* Pods_CrfoGitHubTests.framework in Frameworks */,
			);
			runOnlyForDeploymentPostprocessing = 0;
		};
		928AB34329EC4C060002691C /* Frameworks */ = {
			isa = PBXFrameworksBuildPhase;
			buildActionMask = 2147483647;
			files = (
				F6948BA95E363308791D445F /* Pods_CrfoGitHub_CrfoGitHubUITests.framework in Frameworks */,
			);
			runOnlyForDeploymentPostprocessing = 0;
		};
/* End PBXFrameworksBuildPhase section */

/* Begin PBXGroup section */
		56FCC6878D45264C7C2A89C9 /* Pods */ = {
			isa = PBXGroup;
			children = (
				B3E6ABB0CBE6C01367B82E91 /* Pods-CrfoGitHub.debug.xcconfig */,
				DA8B2AAE0839816DB4CE955F /* Pods-CrfoGitHub.release.xcconfig */,
				CA9EC84AF636FE4FD8CFF558 /* Pods-CrfoGitHub-CrfoGitHubUITests.debug.xcconfig */,
				6D89BC0ECAB412B23F0A12F8 /* Pods-CrfoGitHub-CrfoGitHubUITests.release.xcconfig */,
				AD9DF49F2958BBF06F19E250 /* Pods-CrfoGitHubTests.debug.xcconfig */,
				E7A0183A6B8F1475E8558E12 /* Pods-CrfoGitHubTests.release.xcconfig */,
			);
			path = Pods;
			sourceTree = "<group>";
		};
		928AB31D29EC4BFF0002691C = {
			isa = PBXGroup;
			children = (
				928AB32829EC4BFF0002691C /* CrfoGitHub */,
				928AB33F29EC4C060002691C /* CrfoGitHubTests */,
				928AB34929EC4C060002691C /* CrfoGitHubUITests */,
				928AB32729EC4BFF0002691C /* Products */,
				56FCC6878D45264C7C2A89C9 /* Pods */,
				E5A6E0AE766151D08FE52AEF /* Frameworks */,
			);
			sourceTree = "<group>";
		};
		928AB32729EC4BFF0002691C /* Products */ = {
			isa = PBXGroup;
			children = (
				928AB32629EC4BFF0002691C /* CrfoGitHub.app */,
				928AB33C29EC4C060002691C /* CrfoGitHubTests.xctest */,
				928AB34629EC4C060002691C /* CrfoGitHubUITests.xctest */,
			);
			name = Products;
			sourceTree = "<group>";
		};
		928AB32829EC4BFF0002691C /* CrfoGitHub */ = {
			isa = PBXGroup;
			children = (
				928AB37529ECBC520002691C /* Commom */,
				928AB37229EC80C10002691C /* Utils */,
				928AB36429EC54690002691C /* Scenes */,
				928AB36129EC53DC0002691C /* Dependencies */,
				928AB35E29EC536C0002691C /* Factory */,
				928AB35929EC52E20002691C /* Coordinators */,
				928AB32929EC4BFF0002691C /* AppDelegate.swift */,
				928AB32B29EC4BFF0002691C /* SceneDelegate.swift */,
				928AB33229EC4C050002691C /* Assets.xcassets */,
				928AB33429EC4C050002691C /* LaunchScreen.storyboard */,
				928AB33729EC4C050002691C /* Info.plist */,
			);
			path = CrfoGitHub;
			sourceTree = "<group>";
		};
		928AB33F29EC4C060002691C /* CrfoGitHubTests */ = {
			isa = PBXGroup;
			children = (
				928AB34029EC4C060002691C /* CrfoGitHubTests.swift */,
			);
			path = CrfoGitHubTests;
			sourceTree = "<group>";
		};
		928AB34929EC4C060002691C /* CrfoGitHubUITests */ = {
			isa = PBXGroup;
			children = (
				928AB34A29EC4C060002691C /* CrfoGitHubUITests.swift */,
				928AB34C29EC4C060002691C /* CrfoGitHubUITestsLaunchTests.swift */,
			);
			path = CrfoGitHubUITests;
			sourceTree = "<group>";
		};
		928AB35929EC52E20002691C /* Coordinators */ = {
			isa = PBXGroup;
			children = (
				928AB35A29EC53070002691C /* AppCoordinator.swift */,
				928AB35C29EC53370002691C /* Coordinator.swift */,
			);
			path = Coordinators;
			sourceTree = "<group>";
		};
		928AB35E29EC536C0002691C /* Factory */ = {
			isa = PBXGroup;
			children = (
				928AB35F29EC53870002691C /* DependencyFactory.swift */,
			);
			path = Factory;
			sourceTree = "<group>";
		};
		928AB36129EC53DC0002691C /* Dependencies */ = {
			isa = PBXGroup;
			children = (
				928AB36229EC53F40002691C /* Service.swift */,
			);
			path = Dependencies;
			sourceTree = "<group>";
		};
		928AB36429EC54690002691C /* Scenes */ = {
			isa = PBXGroup;
			children = (
				928AB37B29F6F5C80002691C /* Detail */,
				928AB36529EC54930002691C /* Users */,
			);
			path = Scenes;
			sourceTree = "<group>";
		};
		928AB36529EC54930002691C /* Users */ = {
			isa = PBXGroup;
			children = (
				928AB37829ECC2280002691C /* Views */,
				928AB36B29EC57930002691C /* ViewModel */,
				928AB36629EC54B40002691C /* Model */,
				928AB32D29EC4BFF0002691C /* UsersViewController.swift */,
				928AB36929EC56330002691C /* UserCoordinator.swift */,
			);
			path = Users;
			sourceTree = "<group>";
		};
		928AB36629EC54B40002691C /* Model */ = {
			isa = PBXGroup;
			children = (
				928AB36729EC54C80002691C /* UsersModel.swift */,
			);
			path = Model;
			sourceTree = "<group>";
		};
		928AB36B29EC57930002691C /* ViewModel */ = {
			isa = PBXGroup;
			children = (
				928AB36C29EC57AB0002691C /* UsersViewModel.swift */,
			);
			path = ViewModel;
			sourceTree = "<group>";
		};
		928AB37229EC80C10002691C /* Utils */ = {
			isa = PBXGroup;
			children = (
				928AB37329EC80D40002691C /* Constants.swift */,
			);
			path = Utils;
			sourceTree = "<group>";
		};
		928AB37529ECBC520002691C /* Commom */ = {
			isa = PBXGroup;
			children = (
				928AB37629ECBC640002691C /* ViewCode.swift */,
				928AB38729F722220002691C /* Date+Extension.swift */,
				929E03B029F8353400719C6A /* LoadingIndicatorView.swift */,
			);
			path = Commom;
			sourceTree = "<group>";
		};
		928AB37829ECC2280002691C /* Views */ = {
			isa = PBXGroup;
			children = (
				928AB37929ECC24B0002691C /* UsersTableViewCell.swift */,
			);
			path = Views;
			sourceTree = "<group>";
		};
		928AB37B29F6F5C80002691C /* Detail */ = {
			isa = PBXGroup;
			children = (
				928AB38429F71A0A0002691C /* Views */,
				928AB38129F706D80002691C /* Model */,
				928AB37E29F6FB340002691C /* ViewModel */,
				928AB37C29F6F5F50002691C /* UserDetailViewController.swift */,
			);
			path = Detail;
			sourceTree = "<group>";
		};
		928AB37E29F6FB340002691C /* ViewModel */ = {
			isa = PBXGroup;
			children = (
				928AB37F29F6FB520002691C /* UserDetailViewModel.swift */,
			);
			path = ViewModel;
			sourceTree = "<group>";
		};
		928AB38129F706D80002691C /* Model */ = {
			isa = PBXGroup;
			children = (
				928AB38229F706F40002691C /* UserDetailResponse.swift */,
			);
			path = Model;
			sourceTree = "<group>";
		};
		928AB38429F71A0A0002691C /* Views */ = {
			isa = PBXGroup;
			children = (
				928AB38529F71A260002691C /* RepoTableViewCell.swift */,
			);
			path = Views;
			sourceTree = "<group>";
		};
		E5A6E0AE766151D08FE52AEF /* Frameworks */ = {
			isa = PBXGroup;
			children = (
				928AB36E29EC5CB80002691C /* XCTest.framework */,
				504113AAD4F8D99D6F868747 /* Pods_CrfoGitHub.framework */,
				29446D3F465F03E17F6D8AE1 /* Pods_CrfoGitHub_CrfoGitHubUITests.framework */,
				B54C21A48D12E00486165E1D /* Pods_CrfoGitHubTests.framework */,
			);
			name = Frameworks;
			sourceTree = "<group>";
		};
/* End PBXGroup section */

/* Begin PBXNativeTarget section */
		928AB32529EC4BFF0002691C /* CrfoGitHub */ = {
			isa = PBXNativeTarget;
			buildConfigurationList = 928AB35029EC4C060002691C /* Build configuration list for PBXNativeTarget "CrfoGitHub" */;
			buildPhases = (
				E20D59FBCFA72D0EE2C1216B /* [CP] Check Pods Manifest.lock */,
				928AB32229EC4BFF0002691C /* Sources */,
				928AB32329EC4BFF0002691C /* Frameworks */,
				928AB32429EC4BFF0002691C /* Resources */,
			);
			buildRules = (
			);
			dependencies = (
			);
			name = CrfoGitHub;
			productName = CrfoGitHub;
			productReference = 928AB32629EC4BFF0002691C /* CrfoGitHub.app */;
			productType = "com.apple.product-type.application";
		};
		928AB33B29EC4C060002691C /* CrfoGitHubTests */ = {
			isa = PBXNativeTarget;
			buildConfigurationList = 928AB35329EC4C060002691C /* Build configuration list for PBXNativeTarget "CrfoGitHubTests" */;
			buildPhases = (
				08D034F6C36AE6E4FCC3AB9D /* [CP] Check Pods Manifest.lock */,
				928AB33829EC4C060002691C /* Sources */,
				928AB33929EC4C060002691C /* Frameworks */,
				928AB33A29EC4C060002691C /* Resources */,
				55055CF3D093CAB12E759032 /* [CP] Embed Pods Frameworks */,
			);
			buildRules = (
			);
			dependencies = (
				928AB33E29EC4C060002691C /* PBXTargetDependency */,
			);
			name = CrfoGitHubTests;
			productName = CrfoGitHubTests;
			productReference = 928AB33C29EC4C060002691C /* CrfoGitHubTests.xctest */;
			productType = "com.apple.product-type.bundle.unit-test";
		};
		928AB34529EC4C060002691C /* CrfoGitHubUITests */ = {
			isa = PBXNativeTarget;
			buildConfigurationList = 928AB35629EC4C060002691C /* Build configuration list for PBXNativeTarget "CrfoGitHubUITests" */;
			buildPhases = (
				FBE112C6F4264A98619CFF87 /* [CP] Check Pods Manifest.lock */,
				928AB34229EC4C060002691C /* Sources */,
				928AB34329EC4C060002691C /* Frameworks */,
				928AB34429EC4C060002691C /* Resources */,
			);
			buildRules = (
			);
			dependencies = (
				928AB34829EC4C060002691C /* PBXTargetDependency */,
			);
			name = CrfoGitHubUITests;
			productName = CrfoGitHubUITests;
			productReference = 928AB34629EC4C060002691C /* CrfoGitHubUITests.xctest */;
			productType = "com.apple.product-type.bundle.ui-testing";
		};
/* End PBXNativeTarget section */

/* Begin PBXProject section */
		928AB31E29EC4BFF0002691C /* Project object */ = {
			isa = PBXProject;
			attributes = {
				BuildIndependentTargetsInParallel = 1;
				LastSwiftUpdateCheck = 1430;
				LastUpgradeCheck = 1430;
				TargetAttributes = {
					928AB32529EC4BFF0002691C = {
						CreatedOnToolsVersion = 14.3;
					};
					928AB33B29EC4C060002691C = {
						CreatedOnToolsVersion = 14.3;
						TestTargetID = 928AB32529EC4BFF0002691C;
					};
					928AB34529EC4C060002691C = {
						CreatedOnToolsVersion = 14.3;
						TestTargetID = 928AB32529EC4BFF0002691C;
					};
				};
			};
			buildConfigurationList = 928AB32129EC4BFF0002691C /* Build configuration list for PBXProject "CrfoGitHub" */;
			compatibilityVersion = "Xcode 14.0";
			developmentRegion = en;
			hasScannedForEncodings = 0;
			knownRegions = (
				en,
				Base,
			);
			mainGroup = 928AB31D29EC4BFF0002691C;
			productRefGroup = 928AB32729EC4BFF0002691C /* Products */;
			projectDirPath = "";
			projectRoot = "";
			targets = (
				928AB32529EC4BFF0002691C /* CrfoGitHub */,
				928AB33B29EC4C060002691C /* CrfoGitHubTests */,
				928AB34529EC4C060002691C /* CrfoGitHubUITests */,
			);
		};
/* End PBXProject section */

/* Begin PBXResourcesBuildPhase section */
		928AB32429EC4BFF0002691C /* Resources */ = {
			isa = PBXResourcesBuildPhase;
			buildActionMask = 2147483647;
			files = (
				928AB33629EC4C050002691C /* LaunchScreen.storyboard in Resources */,
				928AB33329EC4C050002691C /* Assets.xcassets in Resources */,
			);
			runOnlyForDeploymentPostprocessing = 0;
		};
		928AB33A29EC4C060002691C /* Resources */ = {
			isa = PBXResourcesBuildPhase;
			buildActionMask = 2147483647;
			files = (
			);
			runOnlyForDeploymentPostprocessing = 0;
		};
		928AB34429EC4C060002691C /* Resources */ = {
			isa = PBXResourcesBuildPhase;
			buildActionMask = 2147483647;
			files = (
			);
			runOnlyForDeploymentPostprocessing = 0;
		};
/* End PBXResourcesBuildPhase section */

/* Begin PBXShellScriptBuildPhase section */
		08D034F6C36AE6E4FCC3AB9D /* [CP] Check Pods Manifest.lock */ = {
			isa = PBXShellScriptBuildPhase;
			buildActionMask = 2147483647;
			files = (
			);
			inputFileListPaths = (
			);
			inputPaths = (
				"${PODS_PODFILE_DIR_PATH}/Podfile.lock",
				"${PODS_ROOT}/Manifest.lock",
			);
			name = "[CP] Check Pods Manifest.lock";
			outputFileListPaths = (
			);
			outputPaths = (
				"$(DERIVED_FILE_DIR)/Pods-CrfoGitHubTests-checkManifestLockResult.txt",
			);
			runOnlyForDeploymentPostprocessing = 0;
			shellPath = /bin/sh;
			shellScript = "diff \"${PODS_PODFILE_DIR_PATH}/Podfile.lock\" \"${PODS_ROOT}/Manifest.lock\" > /dev/null\nif [ $? != 0 ] ; then\n    # print error to STDERR\n    echo \"error: The sandbox is not in sync with the Podfile.lock. Run 'pod install' or update your CocoaPods installation.\" >&2\n    exit 1\nfi\n# This output is used by Xcode 'outputs' to avoid re-running this script phase.\necho \"SUCCESS\" > \"${SCRIPT_OUTPUT_FILE_0}\"\n";
			showEnvVarsInLog = 0;
		};
		55055CF3D093CAB12E759032 /* [CP] Embed Pods Frameworks */ = {
			isa = PBXShellScriptBuildPhase;
			buildActionMask = 2147483647;
			files = (
			);
			inputFileListPaths = (
				"${PODS_ROOT}/Target Support Files/Pods-CrfoGitHubTests/Pods-CrfoGitHubTests-frameworks-${CONFIGURATION}-input-files.xcfilelist",
			);
			name = "[CP] Embed Pods Frameworks";
			outputFileListPaths = (
				"${PODS_ROOT}/Target Support Files/Pods-CrfoGitHubTests/Pods-CrfoGitHubTests-frameworks-${CONFIGURATION}-output-files.xcfilelist",
			);
			runOnlyForDeploymentPostprocessing = 0;
			shellPath = /bin/sh;
			shellScript = "\"${PODS_ROOT}/Target Support Files/Pods-CrfoGitHubTests/Pods-CrfoGitHubTests-frameworks.sh\"\n";
			showEnvVarsInLog = 0;
		};
		E20D59FBCFA72D0EE2C1216B /* [CP] Check Pods Manifest.lock */ = {
			isa = PBXShellScriptBuildPhase;
			buildActionMask = 2147483647;
			files = (
			);
			inputFileListPaths = (
			);
			inputPaths = (
				"${PODS_PODFILE_DIR_PATH}/Podfile.lock",
				"${PODS_ROOT}/Manifest.lock",
			);
			name = "[CP] Check Pods Manifest.lock";
			outputFileListPaths = (
			);
			outputPaths = (
				"$(DERIVED_FILE_DIR)/Pods-CrfoGitHub-checkManifestLockResult.txt",
			);
			runOnlyForDeploymentPostprocessing = 0;
			shellPath = /bin/sh;
			shellScript = "diff \"${PODS_PODFILE_DIR_PATH}/Podfile.lock\" \"${PODS_ROOT}/Manifest.lock\" > /dev/null\nif [ $? != 0 ] ; then\n    # print error to STDERR\n    echo \"error: The sandbox is not in sync with the Podfile.lock. Run 'pod install' or update your CocoaPods installation.\" >&2\n    exit 1\nfi\n# This output is used by Xcode 'outputs' to avoid re-running this script phase.\necho \"SUCCESS\" > \"${SCRIPT_OUTPUT_FILE_0}\"\n";
			showEnvVarsInLog = 0;
		};
		FBE112C6F4264A98619CFF87 /* [CP] Check Pods Manifest.lock */ = {
			isa = PBXShellScriptBuildPhase;
			buildActionMask = 2147483647;
			files = (
			);
			inputFileListPaths = (
			);
			inputPaths = (
				"${PODS_PODFILE_DIR_PATH}/Podfile.lock",
				"${PODS_ROOT}/Manifest.lock",
			);
			name = "[CP] Check Pods Manifest.lock";
			outputFileListPaths = (
			);
			outputPaths = (
				"$(DERIVED_FILE_DIR)/Pods-CrfoGitHub-CrfoGitHubUITests-checkManifestLockResult.txt",
			);
			runOnlyForDeploymentPostprocessing = 0;
			shellPath = /bin/sh;
			shellScript = "diff \"${PODS_PODFILE_DIR_PATH}/Podfile.lock\" \"${PODS_ROOT}/Manifest.lock\" > /dev/null\nif [ $? != 0 ] ; then\n    # print error to STDERR\n    echo \"error: The sandbox is not in sync with the Podfile.lock. Run 'pod install' or update your CocoaPods installation.\" >&2\n    exit 1\nfi\n# This output is used by Xcode 'outputs' to avoid re-running this script phase.\necho \"SUCCESS\" > \"${SCRIPT_OUTPUT_FILE_0}\"\n";
			showEnvVarsInLog = 0;
		};
/* End PBXShellScriptBuildPhase section */

/* Begin PBXSourcesBuildPhase section */
		928AB32229EC4BFF0002691C /* Sources */ = {
			isa = PBXSourcesBuildPhase;
			buildActionMask = 2147483647;
			files = (
				928AB37D29F6F5F50002691C /* UserDetailViewController.swift in Sources */,
				929E03B129F8353400719C6A /* LoadingIndicatorView.swift in Sources */,
				928AB38629F71A260002691C /* RepoTableViewCell.swift in Sources */,
				928AB35B29EC53070002691C /* AppCoordinator.swift in Sources */,
				928AB37429EC80D40002691C /* Constants.swift in Sources */,
				928AB36329EC53F40002691C /* Service.swift in Sources */,
				928AB38329F706F50002691C /* UserDetailResponse.swift in Sources */,
				928AB37A29ECC24C0002691C /* UsersTableViewCell.swift in Sources */,
				928AB36029EC53870002691C /* DependencyFactory.swift in Sources */,
				928AB36A29EC56330002691C /* UserCoordinator.swift in Sources */,
				928AB32E29EC4BFF0002691C /* UsersViewController.swift in Sources */,
				928AB35D29EC53370002691C /* Coordinator.swift in Sources */,
				928AB32A29EC4BFF0002691C /* AppDelegate.swift in Sources */,
				928AB36829EC54C80002691C /* UsersModel.swift in Sources */,
				928AB32C29EC4BFF0002691C /* SceneDelegate.swift in Sources */,
				928AB38029F6FB520002691C /* UserDetailViewModel.swift in Sources */,
				928AB36D29EC57AB0002691C /* UsersViewModel.swift in Sources */,
				928AB37729ECBC640002691C /* ViewCode.swift in Sources */,
				928AB38829F722220002691C /* Date+Extension.swift in Sources */,
			);
			runOnlyForDeploymentPostprocessing = 0;
		};
		928AB33829EC4C060002691C /* Sources */ = {
			isa = PBXSourcesBuildPhase;
			buildActionMask = 2147483647;
			files = (
				928AB34129EC4C060002691C /* CrfoGitHubTests.swift in Sources */,
			);
			runOnlyForDeploymentPostprocessing = 0;
		};
		928AB34229EC4C060002691C /* Sources */ = {
			isa = PBXSourcesBuildPhase;
			buildActionMask = 2147483647;
			files = (
				928AB34B29EC4C060002691C /* CrfoGitHubUITests.swift in Sources */,
				928AB34D29EC4C060002691C /* CrfoGitHubUITestsLaunchTests.swift in Sources */,
			);
			runOnlyForDeploymentPostprocessing = 0;
		};
/* End PBXSourcesBuildPhase section */

/* Begin PBXTargetDependency section */
		928AB33E29EC4C060002691C /* PBXTargetDependency */ = {
			isa = PBXTargetDependency;
			target = 928AB32529EC4BFF0002691C /* CrfoGitHub */;
			targetProxy = 928AB33D29EC4C060002691C /* PBXContainerItemProxy */;
		};
		928AB34829EC4C060002691C /* PBXTargetDependency */ = {
			isa = PBXTargetDependency;
			target = 928AB32529EC4BFF0002691C /* CrfoGitHub */;
			targetProxy = 928AB34729EC4C060002691C /* PBXContainerItemProxy */;
		};
/* End PBXTargetDependency section */

/* Begin PBXVariantGroup section */
		928AB33429EC4C050002691C /* LaunchScreen.storyboard */ = {
			isa = PBXVariantGroup;
			children = (
				928AB33529EC4C050002691C /* Base */,
			);
			name = LaunchScreen.storyboard;
			sourceTree = "<group>";
		};
/* End PBXVariantGroup section */

/* Begin XCBuildConfiguration section */
		928AB34E29EC4C060002691C /* Debug */ = {
			isa = XCBuildConfiguration;
			buildSettings = {
				ALWAYS_SEARCH_USER_PATHS = NO;
				CLANG_ANALYZER_NONNULL = YES;
				CLANG_ANALYZER_NUMBER_OBJECT_CONVERSION = YES_AGGRESSIVE;
				CLANG_CXX_LANGUAGE_STANDARD = "gnu++20";
				CLANG_ENABLE_MODULES = YES;
				CLANG_ENABLE_OBJC_ARC = YES;
				CLANG_ENABLE_OBJC_WEAK = YES;
				CLANG_WARN_BLOCK_CAPTURE_AUTORELEASING = YES;
				CLANG_WARN_BOOL_CONVERSION = YES;
				CLANG_WARN_COMMA = YES;
				CLANG_WARN_CONSTANT_CONVERSION = YES;
				CLANG_WARN_DEPRECATED_OBJC_IMPLEMENTATIONS = YES;
				CLANG_WARN_DIRECT_OBJC_ISA_USAGE = YES_ERROR;
				CLANG_WARN_DOCUMENTATION_COMMENTS = YES;
				CLANG_WARN_EMPTY_BODY = YES;
				CLANG_WARN_ENUM_CONVERSION = YES;
				CLANG_WARN_INFINITE_RECURSION = YES;
				CLANG_WARN_INT_CONVERSION = YES;
				CLANG_WARN_NON_LITERAL_NULL_CONVERSION = YES;
				CLANG_WARN_OBJC_IMPLICIT_RETAIN_SELF = YES;
				CLANG_WARN_OBJC_LITERAL_CONVERSION = YES;
				CLANG_WARN_OBJC_ROOT_CLASS = YES_ERROR;
				CLANG_WARN_QUOTED_INCLUDE_IN_FRAMEWORK_HEADER = YES;
				CLANG_WARN_RANGE_LOOP_ANALYSIS = YES;
				CLANG_WARN_STRICT_PROTOTYPES = YES;
				CLANG_WARN_SUSPICIOUS_MOVE = YES;
				CLANG_WARN_UNGUARDED_AVAILABILITY = YES_AGGRESSIVE;
				CLANG_WARN_UNREACHABLE_CODE = YES;
				CLANG_WARN__DUPLICATE_METHOD_MATCH = YES;
				COPY_PHASE_STRIP = NO;
				DEBUG_INFORMATION_FORMAT = dwarf;
				ENABLE_STRICT_OBJC_MSGSEND = YES;
				ENABLE_TESTABILITY = YES;
				GCC_C_LANGUAGE_STANDARD = gnu11;
				GCC_DYNAMIC_NO_PIC = NO;
				GCC_NO_COMMON_BLOCKS = YES;
				GCC_OPTIMIZATION_LEVEL = 0;
				GCC_PREPROCESSOR_DEFINITIONS = (
					"DEBUG=1",
					"$(inherited)",
				);
				GCC_WARN_64_TO_32_BIT_CONVERSION = YES;
				GCC_WARN_ABOUT_RETURN_TYPE = YES_ERROR;
				GCC_WARN_UNDECLARED_SELECTOR = YES;
				GCC_WARN_UNINITIALIZED_AUTOS = YES_AGGRESSIVE;
				GCC_WARN_UNUSED_FUNCTION = YES;
				GCC_WARN_UNUSED_VARIABLE = YES;
				IPHONEOS_DEPLOYMENT_TARGET = 16.4;
				MTL_ENABLE_DEBUG_INFO = INCLUDE_SOURCE;
				MTL_FAST_MATH = YES;
				ONLY_ACTIVE_ARCH = YES;
				SDKROOT = iphoneos;
				SWIFT_ACTIVE_COMPILATION_CONDITIONS = DEBUG;
				SWIFT_OPTIMIZATION_LEVEL = "-Onone";
			};
			name = Debug;
		};
		928AB34F29EC4C060002691C /* Release */ = {
			isa = XCBuildConfiguration;
			buildSettings = {
				ALWAYS_SEARCH_USER_PATHS = NO;
				CLANG_ANALYZER_NONNULL = YES;
				CLANG_ANALYZER_NUMBER_OBJECT_CONVERSION = YES_AGGRESSIVE;
				CLANG_CXX_LANGUAGE_STANDARD = "gnu++20";
				CLANG_ENABLE_MODULES = YES;
				CLANG_ENABLE_OBJC_ARC = YES;
				CLANG_ENABLE_OBJC_WEAK = YES;
				CLANG_WARN_BLOCK_CAPTURE_AUTORELEASING = YES;
				CLANG_WARN_BOOL_CONVERSION = YES;
				CLANG_WARN_COMMA = YES;
				CLANG_WARN_CONSTANT_CONVERSION = YES;
				CLANG_WARN_DEPRECATED_OBJC_IMPLEMENTATIONS = YES;
				CLANG_WARN_DIRECT_OBJC_ISA_USAGE = YES_ERROR;
				CLANG_WARN_DOCUMENTATION_COMMENTS = YES;
				CLANG_WARN_EMPTY_BODY = YES;
				CLANG_WARN_ENUM_CONVERSION = YES;
				CLANG_WARN_INFINITE_RECURSION = YES;
				CLANG_WARN_INT_CONVERSION = YES;
				CLANG_WARN_NON_LITERAL_NULL_CONVERSION = YES;
				CLANG_WARN_OBJC_IMPLICIT_RETAIN_SELF = YES;
				CLANG_WARN_OBJC_LITERAL_CONVERSION = YES;
				CLANG_WARN_OBJC_ROOT_CLASS = YES_ERROR;
				CLANG_WARN_QUOTED_INCLUDE_IN_FRAMEWORK_HEADER = YES;
				CLANG_WARN_RANGE_LOOP_ANALYSIS = YES;
				CLANG_WARN_STRICT_PROTOTYPES = YES;
				CLANG_WARN_SUSPICIOUS_MOVE = YES;
				CLANG_WARN_UNGUARDED_AVAILABILITY = YES_AGGRESSIVE;
				CLANG_WARN_UNREACHABLE_CODE = YES;
				CLANG_WARN__DUPLICATE_METHOD_MATCH = YES;
				COPY_PHASE_STRIP = NO;
				DEBUG_INFORMATION_FORMAT = "dwarf-with-dsym";
				ENABLE_NS_ASSERTIONS = NO;
				ENABLE_STRICT_OBJC_MSGSEND = YES;
				GCC_C_LANGUAGE_STANDARD = gnu11;
				GCC_NO_COMMON_BLOCKS = YES;
				GCC_WARN_64_TO_32_BIT_CONVERSION = YES;
				GCC_WARN_ABOUT_RETURN_TYPE = YES_ERROR;
				GCC_WARN_UNDECLARED_SELECTOR = YES;
				GCC_WARN_UNINITIALIZED_AUTOS = YES_AGGRESSIVE;
				GCC_WARN_UNUSED_FUNCTION = YES;
				GCC_WARN_UNUSED_VARIABLE = YES;
				IPHONEOS_DEPLOYMENT_TARGET = 16.4;
				MTL_ENABLE_DEBUG_INFO = NO;
				MTL_FAST_MATH = YES;
				SDKROOT = iphoneos;
				SWIFT_COMPILATION_MODE = wholemodule;
				SWIFT_OPTIMIZATION_LEVEL = "-O";
				VALIDATE_PRODUCT = YES;
			};
			name = Release;
		};
		928AB35129EC4C060002691C /* Debug */ = {
			isa = XCBuildConfiguration;
			baseConfigurationReference = B3E6ABB0CBE6C01367B82E91 /* Pods-CrfoGitHub.debug.xcconfig */;
			buildSettings = {
				ASSETCATALOG_COMPILER_APPICON_NAME = AppIcon;
				ASSETCATALOG_COMPILER_GLOBAL_ACCENT_COLOR_NAME = AccentColor;
				CODE_SIGN_STYLE = Automatic;
				CURRENT_PROJECT_VERSION = 1;
				DEVELOPMENT_TEAM = HJ6RR33WF2;
				GENERATE_INFOPLIST_FILE = YES;
				INFOPLIST_FILE = CrfoGitHub/Info.plist;
				INFOPLIST_KEY_UIApplicationSupportsIndirectInputEvents = YES;
				INFOPLIST_KEY_UILaunchStoryboardName = LaunchScreen;
				INFOPLIST_KEY_UISupportedInterfaceOrientations_iPad = "UIInterfaceOrientationPortrait UIInterfaceOrientationPortraitUpsideDown UIInterfaceOrientationLandscapeLeft UIInterfaceOrientationLandscapeRight";
				INFOPLIST_KEY_UISupportedInterfaceOrientations_iPhone = "UIInterfaceOrientationPortrait UIInterfaceOrientationLandscapeLeft UIInterfaceOrientationLandscapeRight";
				LD_RUNPATH_SEARCH_PATHS = (
					"$(inherited)",
					"@executable_path/Frameworks",
				);
				MARKETING_VERSION = 1.0;
				PRODUCT_BUNDLE_IDENTIFIER = com.fchiarello.CrfoGitHub;
				PRODUCT_NAME = "$(TARGET_NAME)";
				SWIFT_EMIT_LOC_STRINGS = YES;
				SWIFT_VERSION = 5.0;
				TARGETED_DEVICE_FAMILY = "1,2";
			};
			name = Debug;
		};
		928AB35229EC4C060002691C /* Release */ = {
			isa = XCBuildConfiguration;
			baseConfigurationReference = DA8B2AAE0839816DB4CE955F /* Pods-CrfoGitHub.release.xcconfig */;
			buildSettings = {
				ASSETCATALOG_COMPILER_APPICON_NAME = AppIcon;
				ASSETCATALOG_COMPILER_GLOBAL_ACCENT_COLOR_NAME = AccentColor;
				CODE_SIGN_STYLE = Automatic;
				CURRENT_PROJECT_VERSION = 1;
				DEVELOPMENT_TEAM = HJ6RR33WF2;
				GENERATE_INFOPLIST_FILE = YES;
				INFOPLIST_FILE = CrfoGitHub/Info.plist;
				INFOPLIST_KEY_UIApplicationSupportsIndirectInputEvents = YES;
				INFOPLIST_KEY_UILaunchStoryboardName = LaunchScreen;
				INFOPLIST_KEY_UISupportedInterfaceOrientations_iPad = "UIInterfaceOrientationPortrait UIInterfaceOrientationPortraitUpsideDown UIInterfaceOrientationLandscapeLeft UIInterfaceOrientationLandscapeRight";
				INFOPLIST_KEY_UISupportedInterfaceOrientations_iPhone = "UIInterfaceOrientationPortrait UIInterfaceOrientationLandscapeLeft UIInterfaceOrientationLandscapeRight";
				LD_RUNPATH_SEARCH_PATHS = (
					"$(inherited)",
					"@executable_path/Frameworks",
				);
				MARKETING_VERSION = 1.0;
				PRODUCT_BUNDLE_IDENTIFIER = com.fchiarello.CrfoGitHub;
				PRODUCT_NAME = "$(TARGET_NAME)";
				SWIFT_EMIT_LOC_STRINGS = YES;
				SWIFT_VERSION = 5.0;
				TARGETED_DEVICE_FAMILY = "1,2";
			};
			name = Release;
		};
		928AB35429EC4C060002691C /* Debug */ = {
			isa = XCBuildConfiguration;
			baseConfigurationReference = AD9DF49F2958BBF06F19E250 /* Pods-CrfoGitHubTests.debug.xcconfig */;
			buildSettings = {
				ALWAYS_EMBED_SWIFT_STANDARD_LIBRARIES = YES;
				BUNDLE_LOADER = "$(TEST_HOST)";
				CODE_SIGN_STYLE = Automatic;
				CURRENT_PROJECT_VERSION = 1;
				DEVELOPMENT_TEAM = HJ6RR33WF2;
				GENERATE_INFOPLIST_FILE = YES;
				IPHONEOS_DEPLOYMENT_TARGET = 16.4;
				MARKETING_VERSION = 1.0;
				PRODUCT_BUNDLE_IDENTIFIER = com.fchiarello.CrfoGitHubTests;
				PRODUCT_NAME = "$(TARGET_NAME)";
				SWIFT_EMIT_LOC_STRINGS = NO;
				SWIFT_VERSION = 5.0;
				TARGETED_DEVICE_FAMILY = "1,2";
				TEST_HOST = "$(BUILT_PRODUCTS_DIR)/CrfoGitHub.app/$(BUNDLE_EXECUTABLE_FOLDER_PATH)/CrfoGitHub";
			};
			name = Debug;
		};
		928AB35529EC4C060002691C /* Release */ = {
			isa = XCBuildConfiguration;
			baseConfigurationReference = E7A0183A6B8F1475E8558E12 /* Pods-CrfoGitHubTests.release.xcconfig */;
			buildSettings = {
				ALWAYS_EMBED_SWIFT_STANDARD_LIBRARIES = YES;
				BUNDLE_LOADER = "$(TEST_HOST)";
				CODE_SIGN_STYLE = Automatic;
				CURRENT_PROJECT_VERSION = 1;
				DEVELOPMENT_TEAM = HJ6RR33WF2;
				GENERATE_INFOPLIST_FILE = YES;
				IPHONEOS_DEPLOYMENT_TARGET = 16.4;
				MARKETING_VERSION = 1.0;
				PRODUCT_BUNDLE_IDENTIFIER = com.fchiarello.CrfoGitHubTests;
				PRODUCT_NAME = "$(TARGET_NAME)";
				SWIFT_EMIT_LOC_STRINGS = NO;
				SWIFT_VERSION = 5.0;
				TARGETED_DEVICE_FAMILY = "1,2";
				TEST_HOST = "$(BUILT_PRODUCTS_DIR)/CrfoGitHub.app/$(BUNDLE_EXECUTABLE_FOLDER_PATH)/CrfoGitHub";
			};
			name = Release;
		};
		928AB35729EC4C060002691C /* Debug */ = {
			isa = XCBuildConfiguration;
			baseConfigurationReference = CA9EC84AF636FE4FD8CFF558 /* Pods-CrfoGitHub-CrfoGitHubUITests.debug.xcconfig */;
			buildSettings = {
				ALWAYS_EMBED_SWIFT_STANDARD_LIBRARIES = YES;
				CODE_SIGN_STYLE = Automatic;
				CURRENT_PROJECT_VERSION = 1;
				DEVELOPMENT_TEAM = HJ6RR33WF2;
				GENERATE_INFOPLIST_FILE = YES;
				MARKETING_VERSION = 1.0;
				PRODUCT_BUNDLE_IDENTIFIER = com.fchiarello.CrfoGitHubUITests;
				PRODUCT_NAME = "$(TARGET_NAME)";
				SWIFT_EMIT_LOC_STRINGS = NO;
				SWIFT_VERSION = 5.0;
				TARGETED_DEVICE_FAMILY = "1,2";
				TEST_TARGET_NAME = CrfoGitHub;
			};
			name = Debug;
		};
		928AB35829EC4C060002691C /* Release */ = {
			isa = XCBuildConfiguration;
			baseConfigurationReference = 6D89BC0ECAB412B23F0A12F8 /* Pods-CrfoGitHub-CrfoGitHubUITests.release.xcconfig */;
			buildSettings = {
				ALWAYS_EMBED_SWIFT_STANDARD_LIBRARIES = YES;
				CODE_SIGN_STYLE = Automatic;
				CURRENT_PROJECT_VERSION = 1;
				DEVELOPMENT_TEAM = HJ6RR33WF2;
				GENERATE_INFOPLIST_FILE = YES;
				MARKETING_VERSION = 1.0;
				PRODUCT_BUNDLE_IDENTIFIER = com.fchiarello.CrfoGitHubUITests;
				PRODUCT_NAME = "$(TARGET_NAME)";
				SWIFT_EMIT_LOC_STRINGS = NO;
				SWIFT_VERSION = 5.0;
				TARGETED_DEVICE_FAMILY = "1,2";
				TEST_TARGET_NAME = CrfoGitHub;
			};
			name = Release;
		};
/* End XCBuildConfiguration section */

/* Begin XCConfigurationList section */
		928AB32129EC4BFF0002691C /* Build configuration list for PBXProject "CrfoGitHub" */ = {
			isa = XCConfigurationList;
			buildConfigurations = (
				928AB34E29EC4C060002691C /* Debug */,
				928AB34F29EC4C060002691C /* Release */,
			);
			defaultConfigurationIsVisible = 0;
			defaultConfigurationName = Release;
		};
		928AB35029EC4C060002691C /* Build configuration list for PBXNativeTarget "CrfoGitHub" */ = {
			isa = XCConfigurationList;
			buildConfigurations = (
				928AB35129EC4C060002691C /* Debug */,
				928AB35229EC4C060002691C /* Release */,
			);
			defaultConfigurationIsVisible = 0;
			defaultConfigurationName = Release;
		};
		928AB35329EC4C060002691C /* Build configuration list for PBXNativeTarget "CrfoGitHubTests" */ = {
			isa = XCConfigurationList;
			buildConfigurations = (
				928AB35429EC4C060002691C /* Debug */,
				928AB35529EC4C060002691C /* Release */,
			);
			defaultConfigurationIsVisible = 0;
			defaultConfigurationName = Release;
		};
		928AB35629EC4C060002691C /* Build configuration list for PBXNativeTarget "CrfoGitHubUITests" */ = {
			isa = XCConfigurationList;
			buildConfigurations = (
				928AB35729EC4C060002691C /* Debug */,
				928AB35829EC4C060002691C /* Release */,
			);
			defaultConfigurationIsVisible = 0;
			defaultConfigurationName = Release;
		};
/* End XCConfigurationList section */
	};
	rootObject = 928AB31E29EC4BFF0002691C /* Project object */;
}
